
Microsoft Visual Studio Solution File, Format Version 12.00
# Visual Studio Version 17
VisualStudioVersion = 17.13.35919.96 d17.13
MinimumVisualStudioVersion = 10.0.40219.1
Project("{FAE04EC0-301F-11D3-BF4B-00C04F79EFBC}") = "Adventure19", "Adventure19.csproj", "{E9605EB4-6435-46EF-ADC9-7FC441215142}"
EndProject
Global
	GlobalSection(SolutionConfigurationPlatforms) = preSolution
		Debug|Any CPU = Debug|Any CPU
		Release|Any CPU = Release|Any CPU
	EndGlobalSection
	GlobalSection(ProjectConfigurationPlatforms) = postSolution
		{E9605EB4-6435-46EF-ADC9-7FC441215142}.Debug|Any CPU.ActiveCfg = Debug|Any CPU
		{E9605EB4-6435-46EF-ADC9-7FC441215142}.Debug|Any CPU.Build.0 = Debug|Any CPU
		{E9605EB4-6435-46EF-ADC9-7FC441215142}.Release|Any CPU.ActiveCfg = Release|Any CPU
		{E9605EB4-6435-46EF-ADC9-7FC441215142}.Release|Any CPU.Build.0 = Release|Any CPU
	EndGlobalSection
	GlobalSection(SolutionProperties) = preSolution
		HideSolutionNode = FALSE
	EndGlobalSection
	GlobalSection(ExtensibilityGlobals) = postSolution
		SolutionGuid = {31957243-AF6B-4485-84CF-07FADFBE4DC7}
	EndGlobalSection
EndGlobal
